{
  "lockfile-version": 1,
  "manifest": {
    "schema-version": "1.11.0",
    "install": {
      "go": {
        "pkg-path": "go"
      }
    },
    "hook": {},
    "profile": {},
    "options": {}
  },
  "packages": [
    {
      "attr_path": "go",
      "broken": false,
      "derivation": "/nix/store/97qfa61h35q0nqppixvxknsq6wj612gv-go-1.26.2.drv",
      "description": "Go Programming language",
      "install_id": "go",
      "license": "BSD-3-Clause",
      "locked_url": "https://github.com/flox/nixpkgs?rev=549bd84d6279f9852cae6225e372cc67fb91a4c1",
      "name": "go-1.26.2",
      "pname": "go",
      "rev": "549bd84d6279f9852cae6225e372cc67fb91a4c1",
      "rev_count": 992384,
      "rev_date": "2026-05-05T04:14:16Z",
      "scrape_date": "2026-05-06T08:07:16.645106Z",
      "stabilities": [
        "unstable"
      ],
      "unfree": false,
      "version": "1.26.2",
      "outputs_to_install": [
        "out"
      ],
      "outputs": {
        "out": "/nix/store/fkzywh7rg8lg1n2p0r161iqjwhz540wx-go-1.26.2"
      },
      "system": "aarch64-darwin",
      "group": "toplevel",
      "priority": 5
    },
    {
      "attr_path": "go",
      "broken": false,
      "derivation": "/nix/store/79wmlk24kqdnxmpj5l833ib2fsxpwca0-go-1.26.2.drv",
      "description": "Go Programming language",
      "install_id": "go",
      "license": "BSD-3-Clause",
      "locked_url": "https://github.com/flox/nixpkgs?rev=549bd84d6279f9852cae6225e372cc67fb91a4c1",
      "name": "go-1.26.2",
      "pname": "go",
      "rev": "549bd84d6279f9852cae6225e372cc67fb91a4c1",
      "rev_count": 992384,
      "rev_date": "2026-05-05T04:14:16Z",
      "scrape_date": "2026-05-06T08:43:46.665236Z",
      "stabilities": [
        "unstable"
      ],
      "unfree": false,
      "version": "1.26.2",
      "outputs_to_install": [
        "out"
      ],
      "outputs": {
        "out": "/nix/store/w4i7p78y3735jcy69sk4lcy9zyxr0cav-go-1.26.2"
      },
      "system": "aarch64-linux",
      "group": "toplevel",
      "priority": 5
    },
    {
      "attr_path": "go",
      "broken": false,
      "derivation": "/nix/store/7f579nxnclv9nql5z2d5g2qyv7zfdl16-go-1.26.2.drv",
      "description": "Go Programming language",
      "install_id": "go",
      "license": "BSD-3-Clause",
      "locked_url": "https://github.com/flox/nixpkgs?rev=549bd84d6279f9852cae6225e372cc67fb91a4c1",
      "name": "go-1.26.2",
      "pname": "go",
      "rev": "549bd84d6279f9852cae6225e372cc67fb91a4c1",
      "rev_count": 992384,
      "rev_date": "2026-05-05T04:14:16Z",
      "scrape_date": "2026-05-06T09:16:10.581225Z",
      "stabilities": [
        "unstable"
      ],
      "unfree": false,
      "version": "1.26.2",
      "outputs_to_install": [
        "out"
      ],
      "outputs": {
        "out": "/nix/store/g0b45l45nlb1kqiywzja7fh49yn7lla5-go-1.26.2"
      },
      "system": "x86_64-darwin",
      "group": "toplevel",
      "priority": 5
    },
    {
      "attr_path": "go",
      "broken": false,
      "derivation": "/nix/store/5a501r66jxszbpw9af1q1a5z3rnrcmfs-go-1.26.2.drv",
      "description": "Go Programming language",
      "install_id": "go",
      "license": "BSD-3-Clause",
      "locked_url": "https://github.com/flox/nixpkgs?rev=549bd84d6279f9852cae6225e372cc67fb91a4c1",
      "name": "go-1.26.2",
      "pname": "go",
      "rev": "549bd84d6279f9852cae6225e372cc67fb91a4c1",
      "rev_count": 992384,
      "rev_date": "2026-05-05T04:14:16Z",
      "scrape_date": "2026-05-06T09:52:25.557961Z",
      "stabilities": [
        "unstable"
      ],
      "unfree": false,
      "version": "1.26.2",
      "outputs_to_install": [
        "out"
      ],
      "outputs": {
        "out": "/nix/store/dimnagks1qsp7180yw74z0npp7z2ihs3-go-1.26.2"
      },
      "system": "x86_64-linux",
      "group": "toplevel",
      "priority": 5
    }
  ]
}
